// !$*UTF8*$!
{
	archiveVersion = 1;
	classes = {
	};
	objectVersion = 77;
	objects = {

/* Begin PBXContainerItemProxy section */
		923B68212DB647DE00A78FBC /* PBXContainerItemProxy */ = {
			isa = PBXContainerItemProxy;
			containerPortal = 923B680B2DB647DC00A78FBC /* Project object */;
			proxyType = 1;
			remoteGlobalIDString = 923B68122DB647DC00A78FBC;
			remoteInfo = TasiliDemoApp;
		};
		923B682B2DB647DE00A78FBC /* PBXContainerItemProxy */ = {
			isa = PBXContainerItemProxy;
			containerPortal = 923B680B2DB647DC00A78FBC /* Project object */;
			proxyType = 1;
			remoteGlobalIDString = 923B68122DB647DC00A78FBC;
			remoteInfo = TasiliDemoApp;
		};
/* End PBXContainerItemProxy section */

/* Begin PBXFileReference section */
		923B68132DB647DC00A78FBC /* TasiliDemoApp.app */ = {isa = PBXFileReference; explicitFileType = wrapper.application; includeInIndex = 0; path = TasiliDemoApp.app; sourceTree = BUILT_PRODUCTS_DIR; };
		923B68202DB647DE00A78FBC /* TasiliDemoAppTests.xctest */ = {isa = PBXFileReference; explicitFileType = wrapper.cfbundle; includeInIndex = 0; path = TasiliDemoAppTests.xctest; sourceTree = BUILT_PRODUCTS_DIR; };
		923B682A2DB647DE00A78FBC /* TasiliDemoAppUITests.xctest */ = {isa = PBXFileReference; explicitFileType = wrapper.cfbundle; includeInIndex = 0; path = TasiliDemoAppUITests.xctest; sourceTree = BUILT_PRODUCTS_DIR; };
/* End PBXFileReference section */

/* Begin PBXFileSystemSynchronizedRootGroup section */
		923B68152DB647DC00A78FBC /* TasiliDemoApp */ = {
			isa = PBXFileSystemSynchronizedRootGroup;
			path = TasiliDemoApp;
			sourceTree = "<group>";
		};
		923B68232DB647DE00A78FBC /* TasiliDemoAppTests */ = {
			isa = PBXFileSystemSynchronizedRootGroup;
			path = TasiliDemoAppTests;
			sourceTree = "<group>";
		};
		923B682D2DB647DE00A78FBC /* TasiliDemoAppUITests */ = {
			isa = PBXFileSystemSynchronizedRootGroup;
			path = TasiliDemoAppUITests;
			sourceTree = "<group>";
		};
/* End PBXFileSystemSynchronizedRootGroup section */

/* Begin PBXFrameworksBuildPhase section */
		923B68102DB647DC00A78FBC /* Frameworks */ = {
			isa = PBXFrameworksBuildPhase;
			buildActionMask = 2147483647;
			files = (
			);
			runOnlyForDeploymentPostprocessing = 0;
		};
		923B681D2DB647DE00A78FBC /* Frameworks */ = {
			isa = PBXFrameworksBuildPhase;
			buildActionMask = 2147483647;
			files = (
			);
			runOnlyForDeploymentPostprocessing = 0;
		};
		923B68272DB647DE00A78FBC /* Frameworks */ = {
			isa = PBXFrameworksBuildPhase;
			buildActionMask = 2147483647;
			files = (
			);
			runOnlyForDeploymentPostprocessing = 0;
		};
/* End PBXFrameworksBuildPhase section */

/* Begin PBXGroup section */
		923B680A2DB647DC00A78FBC = {
			isa = PBXGroup;
			children = (
				923B68152DB647DC00A78FBC /* TasiliDemoApp */,
				923B68232DB647DE00A78FBC /* TasiliDemoAppTests */,
				923B682D2DB647DE00A78FBC /* TasiliDemoAppUITests */,
				923B68142DB647DC00A78FBC /* Products */,
			);
			sourceTree = "<group>";
		};
		923B68142DB647DC00A78FBC /* Products */ = {
			isa = PBXGroup;
			children = (
				923B68132DB647DC00A78FBC /* TasiliDemoApp.app */,
				923B68202DB647DE00A78FBC /* TasiliDemoAppTests.xctest */,
				923B682A2DB647DE00A78FBC /* TasiliDemoAppUITests.xctest */,
			);
			name = Products;
			sourceTree = "<group>";
		};
/* End PBXGroup section */

/* Begin PBXNativeTarget section */
		923B68122DB647DC00A78FBC /* TasiliDemoApp */ = {
			isa = PBXNativeTarget;
			buildConfigurationList = 923B68342DB647DE00A78FBC /* Build configuration list for PBXNativeTarget "TasiliDemoApp" */;
			buildPhases = (
				923B680F2DB647DC00A78FBC /* Sources */,
				923B68102DB647DC00A78FBC /* Frameworks */,
				923B68112DB647DC00A78FBC /* Resources */,
			);
			buildRules = (
			);
			dependencies = (
			);
			fileSystemSynchronizedGroups = (
				923B68152DB647DC00A78FBC /* TasiliDemoApp */,
			);
			name = TasiliDemoApp;
			packageProductDependencies = (
			);
			productName = TasiliDemoApp;
			productReference = 923B68132DB647DC00A78FBC /* TasiliDemoApp.app */;
			productType = "com.apple.product-type.application";
		};
		923B681F2DB647DE00A78FBC /* TasiliDemoAppTests */ = {
			isa = PBXNativeTarget;
			buildConfigurationList = 923B68372DB647DE00A78FBC /* Build configuration list for PBXNativeTarget "TasiliDemoAppTests" */;
			buildPhases = (
				923B681C2DB647DE00A78FBC /* Sources */,
				923B681D2DB647DE00A78FBC /* Frameworks */,
				923B681E2DB647DE00A78FBC /* Resources */,
			);
			buildRules = (
			);
			dependencies = (
				923B68222DB647DE00A78FBC /* PBXTargetDependency */,
			);
			fileSystemSynchronizedGroups = (
				923B68232DB647DE00A78FBC /* TasiliDemoAppTests */,
			);
			name = TasiliDemoAppTests;
			packageProductDependencies = (
			);
			productName = TasiliDemoAppTests;
			productReference = 923B68202DB647DE00A78FBC /* TasiliDemoAppTests.xctest */;
			productType = "com.apple.product-type.bundle.unit-test";
		};
		923B68292DB647DE00A78FBC /* TasiliDemoAppUITests */ = {
			isa = PBXNativeTarget;
			buildConfigurationList = 923B683A2DB647DE00A78FBC /* Build configuration list for PBXNativeTarget "TasiliDemoAppUITests" */;
			buildPhases = (
				923B68262DB647DE00A78FBC /* Sources */,
				923B68272DB647DE00A78FBC /* Frameworks */,
				923B68282DB647DE00A78FBC /* Resources */,
			);
			buildRules = (
			);
			dependencies = (
				923B682C2DB647DE00A78FBC /* PBXTargetDependency */,
			);
			fileSystemSynchronizedGroups = (
				923B682D2DB647DE00A78FBC /* TasiliDemoAppUITests */,
			);
			name = TasiliDemoAppUITests;
			packageProductDependencies = (
			);
			productName = TasiliDemoAppUITests;
			productReference = 923B682A2DB647DE00A78FBC /* TasiliDemoAppUITests.xctest */;
			productType = "com.apple.product-type.bundle.ui-testing";
		};
/* End PBXNativeTarget section */

/* Begin PBXProject section */
		923B680B2DB647DC00A78FBC /* Project object */ = {
			isa = PBXProject;
			attributes = {
				BuildIndependentTargetsInParallel = 1;
				LastSwiftUpdateCheck = 1630;
				LastUpgradeCheck = 1630;
				TargetAttributes = {
					923B68122DB647DC00A78FBC = {
						CreatedOnToolsVersion = 16.3;
					};
					923B681F2DB647DE00A78FBC = {
						CreatedOnToolsVersion = 16.3;
						TestTargetID = 923B68122DB647DC00A78FBC;
					};
					923B68292DB647DE00A78FBC = {
						CreatedOnToolsVersion = 16.3;
						TestTargetID = 923B68122DB647DC00A78FBC;
					};
				};
			};
			buildConfigurationList = 923B680E2DB647DC00A78FBC /* Build configuration list for PBXProject "TasiliDemoApp" */;
			developmentRegion = en;
			hasScannedForEncodings = 0;
			knownRegions = (
				en,
				Base,
			);
			mainGroup = 923B680A2DB647DC00A78FBC;
			minimizedProjectReferenceProxies = 1;
			preferredProjectObjectVersion = 77;
			productRefGroup = 923B68142DB647DC00A78FBC /* Products */;
			projectDirPath = "";
			projectRoot = "";
			targets = (
				923B68122DB647DC00A78FBC /* TasiliDemoApp */,
				923B681F2DB647DE00A78FBC /* TasiliDemoAppTests */,
				923B68292DB647DE00A78FBC /* TasiliDemoAppUITests */,
			);
		};
/* End PBXProject section */

/* Begin PBXResourcesBuildPhase section */
		923B68112DB647DC00A78FBC /* Resources */ = {
			isa = PBXResourcesBuildPhase;
			buildActionMask = 2147483647;
			files = (
			);
			runOnlyForDeploymentPostprocessing = 0;
		};
		923B681E2DB647DE00A78FBC /* Resources */ = {
			isa = PBXResourcesBuildPhase;
			buildActionMask = 2147483647;
			files = (
			);
			runOnlyForDeploymentPostprocessing = 0;
		};
		923B68282DB647DE00A78FBC /* Resources */ = {
			isa = PBXResourcesBuildPhase;
			buildActionMask = 2147483647;
			files = (
			);
			runOnlyForDeploymentPostprocessing = 0;
		};
/* End PBXResourcesBuildPhase section */

/* Begin PBXSourcesBuildPhase section */
		923B680F2DB647DC00A78FBC /* Sources */ = {
			isa = PBXSourcesBuildPhase;
			buildActionMask = 2147483647;
			files = (
			);
			runOnlyForDeploymentPostprocessing = 0;
		};
		923B681C2DB647DE00A78FBC /* Sources */ = {
			isa = PBXSourcesBuildPhase;
			buildActionMask = 2147483647;
			files = (
			);
			runOnlyForDeploymentPostprocessing = 0;
		};
		923B68262DB647DE00A78FBC /* Sources */ = {
			isa = PBXSourcesBuildPhase;
			buildActionMask = 2147483647;
			files = (
			);
			runOnlyForDeploymentPostprocessing = 0;
		};
/* End PBXSourcesBuildPhase section */

/* Begin PBXTargetDependency section */
		923B68222DB647DE00A78FBC /* PBXTargetDependency */ = {
			isa = PBXTargetDependency;
			target = 923B68122DB647DC00A78FBC /* TasiliDemoApp */;
			targetProxy = 923B68212DB647DE00A78FBC /* PBXContainerItemProxy */;
		};
		923B682C2DB647DE00A78FBC /* PBXTargetDependency */ = {
			isa = PBXTargetDependency;
			target = 923B68122DB647DC00A78FBC /* TasiliDemoApp */;
			targetProxy = 923B682B2DB647DE00A78FBC /* PBXContainerItemProxy */;
		};
/* End PBXTargetDependency section */

/* Begin XCBuildConfiguration section */
		923B68322DB647DE00A78FBC /* Debug */ = {
			isa = XCBuildConfiguration;
			buildSettings = {
				ALWAYS_SEARCH_USER_PATHS = NO;
				ASSETCATALOG_COMPILER_GENERATE_SWIFT_ASSET_SYMBOL_EXTENSIONS = YES;
				CLANG_ANALYZER_NONNULL = YES;
				CLANG_ANALYZER_NUMBER_OBJECT_CONVERSION = YES_AGGRESSIVE;
				CLANG_CXX_LANGUAGE_STANDARD = "gnu++20";
				CLANG_ENABLE_MODULES = YES;
				CLANG_ENABLE_OBJC_ARC = YES;
				CLANG_ENABLE_OBJC_WEAK = YES;
				CLANG_WARN_BLOCK_CAPTURE_AUTORELEASING = YES;
				CLANG_WARN_BOOL_CONVERSION = YES;
				CLANG_WARN_COMMA = YES;
				CLANG_WARN_CONSTANT_CONVERSION = YES;
				CLANG_WARN_DEPRECATED_OBJC_IMPLEMENTATIONS = YES;
				CLANG_WARN_DIRECT_OBJC_ISA_USAGE = YES_ERROR;
				CLANG_WARN_DOCUMENTATION_COMMENTS = YES;
				CLANG_WARN_EMPTY_BODY = YES;
				CLANG_WARN_ENUM_CONVERSION = YES;
				CLANG_WARN_INFINITE_RECURSION = YES;
				CLANG_WARN_INT_CONVERSION = YES;
				CLANG_WARN_NON_LITERAL_NULL_CONVERSION = YES;
				CLANG_WARN_OBJC_IMPLICIT_RETAIN_SELF = YES;
				CLANG_WARN_OBJC_LITERAL_CONVERSION = YES;
				CLANG_WARN_OBJC_ROOT_CLASS = YES_ERROR;
				CLANG_WARN_QUOTED_INCLUDE_IN_FRAMEWORK_HEADER = YES;
				CLANG_WARN_RANGE_LOOP_ANALYSIS = YES;
				CLANG_WARN_STRICT_PROTOTYPES = YES;
				CLANG_WARN_SUSPICIOUS_MOVE = YES;
				CLANG_WARN_UNGUARDED_AVAILABILITY = YES_AGGRESSIVE;
				CLANG_WARN_UNREACHABLE_CODE = YES;
				CLANG_WARN__DUPLICATE_METHOD_MATCH = YES;
				COPY_PHASE_STRIP = NO;
				DEBUG_INFORMATION_FORMAT = dwarf;
				ENABLE_STRICT_OBJC_MSGSEND = YES;
				ENABLE_TESTABILITY = YES;
				ENABLE_USER_SCRIPT_SANDBOXING = YES;
				GCC_C_LANGUAGE_STANDARD = gnu17;
				GCC_DYNAMIC_NO_PIC = NO;
				GCC_NO_COMMON_BLOCKS = YES;
				GCC_OPTIMIZATION_LEVEL = 0;
				GCC_PREPROCESSOR_DEFINITIONS = (
					"DEBUG=1",
					"$(inherited)",
				);
				GCC_WARN_64_TO_32_BIT_CONVERSION = YES;
				GCC_WARN_ABOUT_RETURN_TYPE = YES_ERROR;
				GCC_WARN_UNDECLARED_SELECTOR = YES;
				GCC_WARN_UNINITIALIZED_AUTOS = YES_AGGRESSIVE;
				GCC_WARN_UNUSED_FUNCTION = YES;
				GCC_WARN_UNUSED_VARIABLE = YES;
				IPHONEOS_DEPLOYMENT_TARGET = 18.4;
				LOCALIZATION_PREFERS_STRING_CATALOGS = YES;
				MTL_ENABLE_DEBUG_INFO = INCLUDE_SOURCE;
				MTL_FAST_MATH = YES;
				ONLY_ACTIVE_ARCH = YES;
				SDKROOT = iphoneos;
				SWIFT_ACTIVE_COMPILATION_CONDITIONS = "DEBUG $(inherited)";
				SWIFT_OPTIMIZATION_LEVEL = "-Onone";
			};
			name = Debug;
		};
		923B68332DB647DE00A78FBC /* Release */ = {
			isa = XCBuildConfiguration;
			buildSettings = {
				ALWAYS_SEARCH_USER_PATHS = NO;
				ASSETCATALOG_COMPILER_GENERATE_SWIFT_ASSET_SYMBOL_EXTENSIONS = YES;
				CLANG_ANALYZER_NONNULL = YES;
				CLANG_ANALYZER_NUMBER_OBJECT_CONVERSION = YES_AGGRESSIVE;
				CLANG_CXX_LANGUAGE_STANDARD = "gnu++20";
				CLANG_ENABLE_MODULES = YES;
				CLANG_ENABLE_OBJC_ARC = YES;
				CLANG_ENABLE_OBJC_WEAK = YES;
				CLANG_WARN_BLOCK_CAPTURE_AUTORELEASING = YES;
				CLANG_WARN_BOOL_CONVERSION = YES;
				CLANG_WARN_COMMA = YES;
				CLANG_WARN_CONSTANT_CONVERSION = YES;
				CLANG_WARN_DEPRECATED_OBJC_IMPLEMENTATIONS = YES;
				CLANG_WARN_DIRECT_OBJC_ISA_USAGE = YES_ERROR;
				CLANG_WARN_DOCUMENTATION_COMMENTS = YES;
				CLANG_WARN_EMPTY_BODY = YES;
				CLANG_WARN_ENUM_CONVERSION = YES;
				CLANG_WARN_INFINITE_RECURSION = YES;
				CLANG_WARN_INT_CONVERSION = YES;
				CLANG_WARN_NON_LITERAL_NULL_CONVERSION = YES;
				CLANG_WARN_OBJC_IMPLICIT_RETAIN_SELF = YES;
				CLANG_WARN_OBJC_LITERAL_CONVERSION = YES;
				CLANG_WARN_OBJC_ROOT_CLASS = YES_ERROR;
				CLANG_WARN_QUOTED_INCLUDE_IN_FRAMEWORK_HEADER = YES;
				CLANG_WARN_RANGE_LOOP_ANALYSIS = YES;
				CLANG_WARN_STRICT_PROTOTYPES = YES;
				CLANG_WARN_SUSPICIOUS_MOVE = YES;
				CLANG_WARN_UNGUARDED_AVAILABILITY = YES_AGGRESSIVE;
				CLANG_WARN_UNREACHABLE_CODE = YES;
				CLANG_WARN__DUPLICATE_METHOD_MATCH = YES;
				COPY_PHASE_STRIP = NO;
				DEBUG_INFORMATION_FORMAT = "dwarf-with-dsym";
				ENABLE_NS_ASSERTIONS = NO;
				ENABLE_STRICT_OBJC_MSGSEND = YES;
				ENABLE_USER_SCRIPT_SANDBOXING = YES;
				GCC_C_LANGUAGE_STANDARD = gnu17;
				GCC_NO_COMMON_BLOCKS = YES;
				GCC_WARN_64_TO_32_BIT_CONVERSION = YES;
				GCC_WARN_ABOUT_RETURN_TYPE = YES_ERROR;
				GCC_WARN_UNDECLARED_SELECTOR = YES;
				GCC_WARN_UNINITIALIZED_AUTOS = YES_AGGRESSIVE;
				GCC_WARN_UNUSED_FUNCTION = YES;
				GCC_WARN_UNUSED_VARIABLE = YES;
				IPHONEOS_DEPLOYMENT_TARGET = 18.4;
				LOCALIZATION_PREFERS_STRING_CATALOGS = YES;
				MTL_ENABLE_DEBUG_INFO = NO;
				MTL_FAST_MATH = YES;
				SDKROOT = iphoneos;
				SWIFT_COMPILATION_MODE = wholemodule;
				VALIDATE_PRODUCT = YES;
			};
			name = Release;
		};
		923B68352DB647DE00A78FBC /* Debug */ = {
			isa = XCBuildConfiguration;
			buildSettings = {
				ASSETCATALOG_COMPILER_APPICON_NAME = AppIcon;
				ASSETCATALOG_COMPILER_GLOBAL_ACCENT_COLOR_NAME = AccentColor;
				CODE_SIGN_STYLE = Automatic;
				CURRENT_PROJECT_VERSION = 1;
				ENABLE_PREVIEWS = YES;
				GENERATE_INFOPLIST_FILE = YES;
				INFOPLIST_KEY_UIApplicationSceneManifest_Generation = YES;
				INFOPLIST_KEY_UIApplicationSupportsIndirectInputEvents = YES;
				INFOPLIST_KEY_UILaunchScreen_Generation = YES;
				INFOPLIST_KEY_UISupportedInterfaceOrientations_iPad = "UIInterfaceOrientationPortrait UIInterfaceOrientationPortraitUpsideDown UIInterfaceOrientationLandscapeLeft UIInterfaceOrientationLandscapeRight";
				INFOPLIST_KEY_UISupportedInterfaceOrientations_iPhone = "UIInterfaceOrientationPortrait UIInterfaceOrientationLandscapeLeft UIInterfaceOrientationLandscapeRight";
				LD_RUNPATH_SEARCH_PATHS = (
					"$(inherited)",
					"@executable_path/Frameworks",
				);
				MARKETING_VERSION = 1.0;
				PRODUCT_BUNDLE_IDENTIFIER = com.haniefa.TasiliDemoApp;
				PRODUCT_NAME = "$(TARGET_NAME)";
				SWIFT_EMIT_LOC_STRINGS = YES;
				SWIFT_VERSION = 5.0;
				TARGETED_DEVICE_FAMILY = "1,2";
			};
			name = Debug;
		};
		923B68362DB647DE00A78FBC /* Release */ = {
			isa = XCBuildConfiguration;
			buildSettings = {
				ASSETCATALOG_COMPILER_APPICON_NAME = AppIcon;
				ASSETCATALOG_COMPILER_GLOBAL_ACCENT_COLOR_NAME = AccentColor;
				CODE_SIGN_STYLE = Automatic;
				CURRENT_PROJECT_VERSION = 1;
				ENABLE_PREVIEWS = YES;
				GENERATE_INFOPLIST_FILE = YES;
				INFOPLIST_KEY_UIApplicationSceneManifest_Generation = YES;
				INFOPLIST_KEY_UIApplicationSupportsIndirectInputEvents = YES;
				INFOPLIST_KEY_UILaunchScreen_Generation = YES;
				INFOPLIST_KEY_UISupportedInterfaceOrientations_iPad = "UIInterfaceOrientationPortrait UIInterfaceOrientationPortraitUpsideDown UIInterfaceOrientationLandscapeLeft UIInterfaceOrientationLandscapeRight";
				INFOPLIST_KEY_UISupportedInterfaceOrientations_iPhone = "UIInterfaceOrientationPortrait UIInterfaceOrientationLandscapeLeft UIInterfaceOrientationLandscapeRight";
				LD_RUNPATH_SEARCH_PATHS = (
					"$(inherited)",
					"@executable_path/Frameworks",
				);
				MARKETING_VERSION = 1.0;
				PRODUCT_BUNDLE_IDENTIFIER = com.haniefa.TasiliDemoApp;
				PRODUCT_NAME = "$(TARGET_NAME)";
				SWIFT_EMIT_LOC_STRINGS = YES;
				SWIFT_VERSION = 5.0;
				TARGETED_DEVICE_FAMILY = "1,2";
			};
			name = Release;
		};
		923B68382DB647DE00A78FBC /* Debug */ = {
			isa = XCBuildConfiguration;
			buildSettings = {
				BUNDLE_LOADER = "$(TEST_HOST)";
				CODE_SIGN_STYLE = Automatic;
				CURRENT_PROJECT_VERSION = 1;
				GENERATE_INFOPLIST_FILE = YES;
				IPHONEOS_DEPLOYMENT_TARGET = 18.4;
				MARKETING_VERSION = 1.0;
				PRODUCT_BUNDLE_IDENTIFIER = com.haniefa.TasiliDemoAppTests;
				PRODUCT_NAME = "$(TARGET_NAME)";
				SWIFT_EMIT_LOC_STRINGS = NO;
				SWIFT_VERSION = 5.0;
				TARGETED_DEVICE_FAMILY = "1,2";
				TEST_HOST = "$(BUILT_PRODUCTS_DIR)/TasiliDemoApp.app/$(BUNDLE_EXECUTABLE_FOLDER_PATH)/TasiliDemoApp";
			};
			name = Debug;
		};
		923B68392DB647DE00A78FBC /* Release */ = {
			isa = XCBuildConfiguration;
			buildSettings = {
				BUNDLE_LOADER = "$(TEST_HOST)";
				CODE_SIGN_STYLE = Automatic;
				CURRENT_PROJECT_VERSION = 1;
				GENERATE_INFOPLIST_FILE = YES;
				IPHONEOS_DEPLOYMENT_TARGET = 18.4;
				MARKETING_VERSION = 1.0;
				PRODUCT_BUNDLE_IDENTIFIER = com.haniefa.TasiliDemoAppTests;
				PRODUCT_NAME = "$(TARGET_NAME)";
				SWIFT_EMIT_LOC_STRINGS = NO;
				SWIFT_VERSION = 5.0;
				TARGETED_DEVICE_FAMILY = "1,2";
				TEST_HOST = "$(BUILT_PRODUCTS_DIR)/TasiliDemoApp.app/$(BUNDLE_EXECUTABLE_FOLDER_PATH)/TasiliDemoApp";
			};
			name = Release;
		};
		923B683B2DB647DE00A78FBC /* Debug */ = {
			isa = XCBuildConfiguration;
			buildSettings = {
				CODE_SIGN_STYLE = Automatic;
				CURRENT_PROJECT_VERSION = 1;
				GENERATE_INFOPLIST_FILE = YES;
				MARKETING_VERSION = 1.0;
				PRODUCT_BUNDLE_IDENTIFIER = com.haniefa.TasiliDemoAppUITests;
				PRODUCT_NAME = "$(TARGET_NAME)";
				SWIFT_EMIT_LOC_STRINGS = NO;
				SWIFT_VERSION = 5.0;
				TARGETED_DEVICE_FAMILY = "1,2";
				TEST_TARGET_NAME = TasiliDemoApp;
			};
			name = Debug;
		};
		923B683C2DB647DE00A78FBC /* Release */ = {
			isa = XCBuildConfiguration;
			buildSettings = {
				CODE_SIGN_STYLE = Automatic;
				CURRENT_PROJECT_VERSION = 1;
				GENERATE_INFOPLIST_FILE = YES;
				MARKETING_VERSION = 1.0;
				PRODUCT_BUNDLE_IDENTIFIER = com.haniefa.TasiliDemoAppUITests;
				PRODUCT_NAME = "$(TARGET_NAME)";
				SWIFT_EMIT_LOC_STRINGS = NO;
				SWIFT_VERSION = 5.0;
				TARGETED_DEVICE_FAMILY = "1,2";
				TEST_TARGET_NAME = TasiliDemoApp;
			};
			name = Release;
		};
/* End XCBuildConfiguration section */

/* Begin XCConfigurationList section */
		923B680E2DB647DC00A78FBC /* Build configuration list for PBXProject "TasiliDemoApp" */ = {
			isa = XCConfigurationList;
			buildConfigurations = (
				923B68322DB647DE00A78FBC /* Debug */,
				923B68332DB647DE00A78FBC /* Release */,
			);
			defaultConfigurationIsVisible = 0;
			defaultConfigurationName = Release;
		};
		923B68342DB647DE00A78FBC /* Build configuration list for PBXNativeTarget "TasiliDemoApp" */ = {
			isa = XCConfigurationList;
			buildConfigurations = (
				923B68352DB647DE00A78FBC /* Debug */,
				923B68362DB647DE00A78FBC /* Release */,
			);
			defaultConfigurationIsVisible = 0;
			defaultConfigurationName = Release;
		};
		923B68372DB647DE00A78FBC /* Build configuration list for PBXNativeTarget "TasiliDemoAppTests" */ = {
			isa = XCConfigurationList;
			buildConfigurations = (
				923B68382DB647DE00A78FBC /* Debug */,
				923B68392DB647DE00A78FBC /* Release */,
			);
			defaultConfigurationIsVisible = 0;
			defaultConfigurationName = Release;
		};
		923B683A2DB647DE00A78FBC /* Build configuration list for PBXNativeTarget "TasiliDemoAppUITests" */ = {
			isa = XCConfigurationList;
			buildConfigurations = (
				923B683B2DB647DE00A78FBC /* Debug */,
				923B683C2DB647DE00A78FBC /* Release */,
			);
			defaultConfigurationIsVisible = 0;
			defaultConfigurationName = Release;
		};
/* End XCConfigurationList section */
	};
	rootObject = 923B680B2DB647DC00A78FBC /* Project object */;
}
